
Microsoft Visual Studio Solution File, Format Version 12.00
# Visual Studio 15
VisualStudioVersion = 15.0.28307.757
MinimumVisualStudioVersion = 10.0.40219.1
Project("{8BC9CEB8-8B4A-11D0-8D11-00A0C91BC942}") = "C05", "C05\C05.vcxproj", "{B363DA0A-82EE-48AB-B1CC-6544F6856A39}"
EndProject
Global
	GlobalSection(SolutionConfigurationPlatforms) = preSolution
		Debug|x64 = Debug|x64
		Debug|x86 = Debug|x86
		Release|x64 = Release|x64
		Release|x86 = Release|x86
	EndGlobalSection
	GlobalSection(ProjectConfigurationPlatforms) = postSolution
		{B363DA0A-82EE-48AB-B1CC-6544F6856A39}.Debug|x64.ActiveCfg = Debug|x64
		{B363DA0A-82EE-48AB-B1CC-6544F6856A39}.Debug|x64.Build.0 = Debug|x64
		{B363DA0A-82EE-48AB-B1CC-6544F6856A39}.Debug|x86.ActiveCfg = Debug|Win32
		{B363DA0A-82EE-48AB-B1CC-6544F6856A39}.Debug|x86.Build.0 = Debug|Win32
		{B363DA0A-82EE-48AB-B1CC-6544F6856A39}.Release|x64.ActiveCfg = Release|x64
		{B363DA0A-82EE-48AB-B1CC-6544F6856A39}.Release|x64.Build.0 = Release|x64
		{B363DA0A-82EE-48AB-B1CC-6544F6856A39}.Release|x86.ActiveCfg = Release|Win32
		{B363DA0A-82EE-48AB-B1CC-6544F6856A39}.Release|x86.Build.0 = Release|Win32
	EndGlobalSection
	GlobalSection(SolutionProperties) = preSolution
		HideSolutionNode = FALSE
	EndGlobalSection
	GlobalSection(ExtensibilityGlobals) = postSolution
		SolutionGuid = {07A835B7-9F21-4993-B687-C56F517FC834}
	EndGlobalSection
EndGlobal
